
Microsoft Visual Studio Solution File, Format Version 12.00
# Visual Studio 2013
VisualStudioVersion = 12.0.21005.1
MinimumVisualStudioVersion = 10.0.40219.1
Project("{FAE04EC0-301F-11D3-BF4B-00C04F79EFBC}") = "GostCryptography", "Source\GostCryptography\GostCryptography.csproj", "{1520A79F-03EB-4290-AA4A-027806890A9D}"
EndProject
Project("{FAE04EC0-301F-11D3-BF4B-00C04F79EFBC}") = "GostCryptography.Tests", "Source\GostCryptography.Tests\GostCryptography.Tests.csproj", "{8B8700FF-449A-4801-8668-C620D1A9561E}"
EndProject
Project("{2150E333-8FDC-42A3-9474-1A3956D46DE8}") = "Build", "Build", "{BE8FFE01-6BE7-49B3-87C7-22C4C8E12D61}"
	ProjectSection(SolutionItems) = preProject
		Build\Build.bat = Build\Build.bat
		Build\GostCryptography.nuspec = Build\GostCryptography.nuspec
	EndProjectSection
EndProject
Global
	GlobalSection(SolutionConfigurationPlatforms) = preSolution
		Debug|Any CPU = Debug|Any CPU
		Release|Any CPU = Release|Any CPU
	EndGlobalSection
	GlobalSection(ProjectConfigurationPlatforms) = postSolution
		{1520A79F-03EB-4290-AA4A-027806890A9D}.Debug|Any CPU.ActiveCfg = Debug|Any CPU
		{1520A79F-03EB-4290-AA4A-027806890A9D}.Debug|Any CPU.Build.0 = Debug|Any CPU
		{1520A79F-03EB-4290-AA4A-027806890A9D}.Release|Any CPU.ActiveCfg = Release|Any CPU
		{1520A79F-03EB-4290-AA4A-027806890A9D}.Release|Any CPU.Build.0 = Release|Any CPU
		{8B8700FF-449A-4801-8668-C620D1A9561E}.Debug|Any CPU.ActiveCfg = Debug|Any CPU
		{8B8700FF-449A-4801-8668-C620D1A9561E}.Debug|Any CPU.Build.0 = Debug|Any CPU
		{8B8700FF-449A-4801-8668-C620D1A9561E}.Release|Any CPU.ActiveCfg = Release|Any CPU
		{8B8700FF-449A-4801-8668-C620D1A9561E}.Release|Any CPU.Build.0 = Release|Any CPU
	EndGlobalSection
	GlobalSection(SolutionProperties) = preSolution
		HideSolutionNode = FALSE
	EndGlobalSection
EndGlobal
